
Microsoft Visual Studio Solution File, Format Version 12.00
# Visual Studio Version 17
VisualStudioVersion = 17.8.34004.107
MinimumVisualStudioVersion = 10.0.40219.1
Project("{FAE04EC0-301F-11D3-BF4B-00C04F79EFBC}") = "ParametreTableau", "ParametreTableau\ParametreTableau.csproj", "{70A9E3D1-881E-4CD4-A46E-3059FBDD451E}"
EndProject
Global
	GlobalSection(SolutionConfigurationPlatforms) = preSolution
		Debug|Any CPU = Debug|Any CPU
		Release|Any CPU = Release|Any CPU
	EndGlobalSection
	GlobalSection(ProjectConfigurationPlatforms) = postSolution
		{70A9E3D1-881E-4CD4-A46E-3059FBDD451E}.Debug|Any CPU.ActiveCfg = Debug|Any CPU
		{70A9E3D1-881E-4CD4-A46E-3059FBDD451E}.Debug|Any CPU.Build.0 = Debug|Any CPU
		{70A9E3D1-881E-4CD4-A46E-3059FBDD451E}.Release|Any CPU.ActiveCfg = Release|Any CPU
		{70A9E3D1-881E-4CD4-A46E-3059FBDD451E}.Release|Any CPU.Build.0 = Release|Any CPU
	EndGlobalSection
	GlobalSection(SolutionProperties) = preSolution
		HideSolutionNode = FALSE
	EndGlobalSection
	GlobalSection(ExtensibilityGlobals) = postSolution
		SolutionGuid = {AE6E8E07-E8BF-4DA9-9B4C-9BFC720BA7FA}
	EndGlobalSection
EndGlobal
